# This file is automatically @generated by Cargo.
# It is not intended for manual editing.
version = 3

[[package]]
name = "base64"
version = "0.6.0"
source = "registry+https://github.com/rust-lang/crates.io-index"
checksum = "96434f987501f0ed4eb336a411e0631ecd1afa11574fe148587adc4ff96143c9"
dependencies = [
 "byteorder",
 "safemem",
]

[[package]]
name = "bitflags"
version = "0.7.0"
source = "registry+https://github.com/rust-lang/crates.io-index"
checksum = "aad18937a628ec6abcd26d1489012cc0e18c21798210f491af69ded9b881106d"

[[package]]
name = "byteorder"
version = "1.2.1"
source = "registry+https://github.com/rust-lang/crates.io-index"
checksum = "652805b7e73fada9d85e9a6682a4abd490cb52d96aeecc12e33a0de34dfd0d23"

[[package]]
name = "bytes"
version = "0.4.5"
source = "registry+https://github.com/rust-lang/crates.io-index"
checksum = "d828f97b58cc5de3e40c421d0cf2132d6b2da4ee0e11b8632fa838f0f9333ad6"
dependencies = [
 "byteorder",
 "iovec",
]

[[package]]
name = "cfg-if"
version = "0.1.2"
source = "registry+https://github.com/rust-lang/crates.io-index"
checksum = "d4c819a1287eb618df47cc647173c5c4c66ba19d888a6e50d605672aed3140de"

[[package]]
name = "fuchsia-zircon"
version = "0.2.1"
source = "registry+https://github.com/rust-lang/crates.io-index"
checksum = "f6c0581a4e363262e52b87f59ee2afe3415361c6ec35e665924eb08afe8ff159"
dependencies = [
 "fuchsia-zircon-sys",
]

[[package]]
name = "fuchsia-zircon-sys"
version = "0.2.0"
source = "registry+https://github.com/rust-lang/crates.io-index"
checksum = "43f3795b4bae048dc6123a6b972cadde2e676f9ded08aef6bb77f5f157684a82"
dependencies = [
 "bitflags",
]

[[package]]
name = "futures"
version = "0.1.17"
source = "registry+https://github.com/rust-lang/crates.io-index"
checksum = "118b49cac82e04121117cbd3121ede3147e885627d82c4546b87c702debb90c1"

[[package]]
name = "futures-cpupool"
version = "0.1.7"
source = "registry+https://github.com/rust-lang/crates.io-index"
checksum = "e86f49cc0d92fe1b97a5980ec32d56208272cbb00f15044ea9e2799dde766fdf"
dependencies = [
 "futures",
 "num_cpus",
]

[[package]]
name = "hello-rust"
version = "0.1.0"
dependencies = [
 "hyper",
]

[[package]]
name = "httparse"
version = "1.2.3"
source = "registry+https://github.com/rust-lang/crates.io-index"
checksum = "af2f2dd97457e8fb1ae7c5a420db346af389926e36f43768b96f101546b04a07"

[[package]]
name = "hyper"
version = "0.11.7"
source = "registry+https://github.com/rust-lang/crates.io-index"
checksum = "4959ca95f55df4265bff2ad63066147255e6fa733682cf6d1cb5eaff6e53324b"
dependencies = [
 "base64",
 "bytes",
 "futures",
 "futures-cpupool",
 "httparse",
 "language-tags",
 "log",
 "mime",
 "percent-encoding",
 "relay",
 "time",
 "tokio-core",
 "tokio-io",
 "tokio-proto",
 "tokio-service",
 "unicase",
]

[[package]]
name = "iovec"
version = "0.1.1"
source = "registry+https://github.com/rust-lang/crates.io-index"
checksum = "b6e8b9c2247fcf6c6a1151f1156932be5606c9fd6f55a2d7f9fc1cb29386b2f7"
dependencies = [
 "libc",
 "winapi 0.2.8",
]

[[package]]
name = "kernel32-sys"
version = "0.2.2"
source = "registry+https://github.com/rust-lang/crates.io-index"
checksum = "7507624b29483431c0ba2d82aece8ca6cdba9382bff4ddd0f7490560c056098d"
dependencies = [
 "winapi 0.2.8",
 "winapi-build",
]

[[package]]
name = "language-tags"
version = "0.2.2"
source = "registry+https://github.com/rust-lang/crates.io-index"
checksum = "a91d884b6667cd606bb5a69aa0c99ba811a115fc68915e7056ec08a46e93199a"

[[package]]
name = "lazycell"
version = "0.5.1"
source = "registry+https://github.com/rust-lang/crates.io-index"
checksum = "3b585b7a6811fb03aa10e74b278a0f00f8dd9b45dc681f148bb29fa5cb61859b"

[[package]]
name = "libc"
version = "0.2.126"
source = "registry+https://github.com/rust-lang/crates.io-index"
checksum = "349d5a591cd28b49e1d1037471617a32ddcda5731b99419008085f72d5a53836"

[[package]]
name = "log"
version = "0.3.8"
source = "registry+https://github.com/rust-lang/crates.io-index"
checksum = "880f77541efa6e5cc74e76910c9884d9859683118839d6a1dc3b11e63512565b"

[[package]]
name = "mime"
version = "0.3.5"
source = "registry+https://github.com/rust-lang/crates.io-index"
checksum = "e2e00e17be181010a91dbfefb01660b17311059dc8c7f48b9017677721e732bd"
dependencies = [
 "unicase",
]

[[package]]
name = "mio"
version = "0.6.11"
source = "registry+https://github.com/rust-lang/crates.io-index"
checksum = "0e8411968194c7b139e9105bc4ae7db0bae232af087147e72f0616ebf5fdb9cb"
dependencies = [
 "fuchsia-zircon",
 "fuchsia-zircon-sys",
 "iovec",
 "kernel32-sys",
 "lazycell",
 "libc",
 "log",
 "miow",
 "net2",
 "slab 0.3.0",
 "winapi 0.2.8",
]

[[package]]
name = "miow"
version = "0.2.2"
source = "registry+https://github.com/rust-lang/crates.io-index"
checksum = "ebd808424166322d4a38da87083bfddd3ac4c131334ed55856112eb06d46944d"
dependencies = [
 "kernel32-sys",
 "net2",
 "winapi 0.2.8",
 "ws2_32-sys",
]

[[package]]
name = "net2"
version = "0.2.37"
source = "registry+https://github.com/rust-lang/crates.io-index"
checksum = "391630d12b68002ae1e25e8f974306474966550ad82dac6886fb8910c19568ae"
dependencies = [
 "cfg-if",
 "libc",
 "winapi 0.3.9",
]

[[package]]
name = "num_cpus"
version = "1.7.0"
source = "registry+https://github.com/rust-lang/crates.io-index"
checksum = "514f0d73e64be53ff320680ca671b64fe3fb91da01e1ae2ddc99eb51d453b20d"
dependencies = [
 "libc",
]

[[package]]
name = "percent-encoding"
version = "1.0.1"
source = "registry+https://github.com/rust-lang/crates.io-index"
checksum = "31010dd2e1ac33d5b46a5b413495239882813e0369f8ed8a5e266f173602f831"

[[package]]
name = "rand"
version = "0.3.18"
source = "registry+https://github.com/rust-lang/crates.io-index"
checksum = "6475140dfd8655aeb72e1fd4b7a1cc1c202be65d71669476e392fe62532b9edd"
dependencies = [
 "fuchsia-zircon",
 "libc",
]

[[package]]
name = "redox_syscall"
version = "0.1.32"
source = "registry+https://github.com/rust-lang/crates.io-index"
checksum = "ab105df655884ede59d45b7070c8a65002d921461ee813a024558ca16030eea0"

[[package]]
name = "relay"
version = "0.1.0"
source = "registry+https://github.com/rust-lang/crates.io-index"
checksum = "f301bafeb60867c85170031bdb2fcf24c8041f33aee09e7b116a58d4e9f781c5"
dependencies = [
 "futures",
]

[[package]]
name = "safemem"
version = "0.2.0"
source = "registry+https://github.com/rust-lang/crates.io-index"
checksum = "e27a8b19b835f7aea908818e871f5cc3a5a186550c30773be987e155e8163d8f"

[[package]]
name = "scoped-tls"
version = "0.1.0"
source = "registry+https://github.com/rust-lang/crates.io-index"
checksum = "f417c22df063e9450888a7561788e9bd46d3bb3c1466435b4eccb903807f147d"

[[package]]
name = "slab"
version = "0.3.0"
source = "registry+https://github.com/rust-lang/crates.io-index"
checksum = "17b4fcaed89ab08ef143da37bc52adbcc04d4a69014f4c1208d6b51f0c47bc23"

[[package]]
name = "slab"
version = "0.4.0"
source = "registry+https://github.com/rust-lang/crates.io-index"
checksum = "fdeff4cd9ecff59ec7e3744cbca73dfe5ac35c2aedb2cfba8a1c715a18912e9d"

[[package]]
name = "smallvec"
version = "0.2.1"
source = "registry+https://github.com/rust-lang/crates.io-index"
checksum = "4c8cbcd6df1e117c2210e13ab5109635ad68a929fcbb8964dc965b76cb5ee013"

[[package]]
name = "take"
version = "0.1.0"
source = "registry+https://github.com/rust-lang/crates.io-index"
checksum = "b157868d8ac1f56b64604539990685fa7611d8fa9e5476cf0c02cf34d32917c5"

[[package]]
name = "time"
version = "0.1.38"
source = "registry+https://github.com/rust-lang/crates.io-index"
checksum = "d5d788d3aa77bc0ef3e9621256885555368b47bd495c13dd2e7413c89f845520"
dependencies = [
 "kernel32-sys",
 "libc",
 "redox_syscall",
 "winapi 0.2.8",
]

[[package]]
name = "tokio-core"
version = "0.1.10"
source = "registry+https://github.com/rust-lang/crates.io-index"
checksum = "c843a027f7c1df5f81e7734a0df3f67bf329411781ebf36393ce67beef6071e3"
dependencies = [
 "bytes",
 "futures",
 "iovec",
 "log",
 "mio",
 "scoped-tls",
 "slab 0.4.0",
 "tokio-io",
]

[[package]]
name = "tokio-io"
version = "0.1.4"
source = "registry+https://github.com/rust-lang/crates.io-index"
checksum = "514aae203178929dbf03318ad7c683126672d4d96eccb77b29603d33c9e25743"
dependencies = [
 "bytes",
 "futures",
 "log",
]

[[package]]
name = "tokio-proto"
version = "0.1.1"
source = "registry+https://github.com/rust-lang/crates.io-index"
checksum = "8fbb47ae81353c63c487030659494b295f6cb6576242f907f203473b191b0389"
dependencies = [
 "futures",
 "log",
 "net2",
 "rand",
 "slab 0.3.0",
 "smallvec",
 "take",
 "tokio-core",
 "tokio-io",
 "tokio-service",
]

[[package]]
name = "tokio-service"
version = "0.1.0"
source = "registry+https://github.com/rust-lang/crates.io-index"
checksum = "24da22d077e0f15f55162bdbdc661228c1581892f52074fb242678d015b45162"
dependencies = [
 "futures",
]

[[package]]
name = "unicase"
version = "2.1.0"
source = "registry+https://github.com/rust-lang/crates.io-index"
checksum = "284b6d3db520d67fbe88fd778c21510d1b0ba4a551e5d0fbb023d33405f6de8a"
dependencies = [
 "version_check",
]

[[package]]
name = "version_check"
version = "0.1.3"
source = "registry+https://github.com/rust-lang/crates.io-index"
checksum = "6b772017e347561807c1aa192438c5fd74242a670a6cffacc40f2defd1dc069d"

[[package]]
name = "winapi"
version = "0.2.8"
source = "registry+https://github.com/rust-lang/crates.io-index"
checksum = "167dc9d6949a9b857f3451275e911c3f44255842c1f7a76f33c55103a909087a"

[[package]]
name = "winapi"
version = "0.3.9"
source = "registry+https://github.com/rust-lang/crates.io-index"
checksum = "5c839a674fcd7a98952e593242ea400abe93992746761e38641405d28b00f419"
dependencies = [
 "winapi-i686-pc-windows-gnu",
 "winapi-x86_64-pc-windows-gnu",
]

[[package]]
name = "winapi-build"
version = "0.1.1"
source = "registry+https://github.com/rust-lang/crates.io-index"
checksum = "2d315eee3b34aca4797b2da6b13ed88266e6d612562a0c46390af8299fc699bc"

[[package]]
name = "winapi-i686-pc-windows-gnu"
version = "0.4.0"
source = "registry+https://github.com/rust-lang/crates.io-index"
checksum = "ac3b87c63620426dd9b991e5ce0329eff545bccbbb34f3be09ff6fb6ab51b7b6"

[[package]]
name = "winapi-x86_64-pc-windows-gnu"
version = "0.4.0"
source = "registry+https://github.com/rust-lang/crates.io-index"
checksum = "712e227841d057c1ee1cd2fb22fa7e5a5461ae8e48fa2ca79ec42cfc1931183f"

[[package]]
name = "ws2_32-sys"
version = "0.2.1"
source = "registry+https://github.com/rust-lang/crates.io-index"
checksum = "d59cefebd0c892fa2dd6de581e937301d8552cb44489cdff035c6187cb63fa5e"
dependencies = [
 "winapi 0.2.8",
 "winapi-build",
]
